// !$*UTF8*$!
{
	archiveVersion = 1;
	classes = {
	};
	objectVersion = 53;
	objects = {

/* Begin PBXBuildFile section */
		847415CC291F62A600C4D007 /* AppDelegate.swift in Sources */ = {isa = PBXBuildFile; fileRef = 847415CB291F62A600C4D007 /* AppDelegate.swift */; };
		847415CE291F62A600C4D007 /* SceneDelegate.swift in Sources */ = {isa = PBXBuildFile; fileRef = 847415CD291F62A600C4D007 /* SceneDelegate.swift */; };
		847415D0291F62A600C4D007 /* ListEmployeesViewController.swift in Sources */ = {isa = PBXBuildFile; fileRef = 847415CF291F62A600C4D007 /* ListEmployeesViewController.swift */; };
		847415D5291F62AA00C4D007 /* Assets.xcassets in Resources */ = {isa = PBXBuildFile; fileRef = 847415D4291F62AA00C4D007 /* Assets.xcassets */; };
		847415D8291F62AA00C4D007 /* LaunchScreen.storyboard in Resources */ = {isa = PBXBuildFile; fileRef = 847415D6291F62AA00C4D007 /* LaunchScreen.storyboard */; };
		847415E1291F65A300C4D007 /* ListEmployeesPresenter.swift in Sources */ = {isa = PBXBuildFile; fileRef = 847415E0291F65A300C4D007 /* ListEmployeesPresenter.swift */; };
		847415E3291F66A300C4D007 /* ListEmployeesAssembly.swift in Sources */ = {isa = PBXBuildFile; fileRef = 847415E2291F66A300C4D007 /* ListEmployeesAssembly.swift */; };
		847415E8291F6B9200C4D007 /* ListEmployeesTableCell.swift in Sources */ = {isa = PBXBuildFile; fileRef = 847415E7291F6B9200C4D007 /* ListEmployeesTableCell.swift */; };
		847415EB291F82F900C4D007 /* NetworkServices.swift in Sources */ = {isa = PBXBuildFile; fileRef = 847415EA291F82F900C4D007 /* NetworkServices.swift */; };
		847415EE291FB7CC00C4D007 /* CompanyDTO.swift in Sources */ = {isa = PBXBuildFile; fileRef = 847415ED291FB7CC00C4D007 /* CompanyDTO.swift */; };
		847415F1291FC00A00C4D007 /* InternetChecker.swift in Sources */ = {isa = PBXBuildFile; fileRef = 847415F0291FC00A00C4D007 /* InternetChecker.swift */; };
		847415F3291FC03500C4D007 /* ListEmployeesInteractor.swift in Sources */ = {isa = PBXBuildFile; fileRef = 847415F2291FC03500C4D007 /* ListEmployeesInteractor.swift */; };
		847415F62920BE6F00C4D007 /* UserDefaultsWrapper.swift in Sources */ = {isa = PBXBuildFile; fileRef = 847415F52920BE6F00C4D007 /* UserDefaultsWrapper.swift */; };
		847415FB2920E71B00C4D007 /* DataParserS.swift in Sources */ = {isa = PBXBuildFile; fileRef = 847415FA2920E71B00C4D007 /* DataParserS.swift */; };
		847415FD292128FF00C4D007 /* UserDefaultsKey.swift in Sources */ = {isa = PBXBuildFile; fileRef = 847415FC292128FF00C4D007 /* UserDefaultsKey.swift */; };
/* End PBXBuildFile section */

/* Begin PBXFileReference section */
		847415C8291F62A600C4D007 /* Avito_TestTask_2022.app */ = {isa = PBXFileReference; explicitFileType = wrapper.application; includeInIndex = 0; path = Avito_TestTask_2022.app; sourceTree = BUILT_PRODUCTS_DIR; };
		847415CB291F62A600C4D007 /* AppDelegate.swift */ = {isa = PBXFileReference; lastKnownFileType = sourcecode.swift; path = AppDelegate.swift; sourceTree = "<group>"; };
		847415CD291F62A600C4D007 /* SceneDelegate.swift */ = {isa = PBXFileReference; lastKnownFileType = sourcecode.swift; path = SceneDelegate.swift; sourceTree = "<group>"; };
		847415CF291F62A600C4D007 /* ListEmployeesViewController.swift */ = {isa = PBXFileReference; lastKnownFileType = sourcecode.swift; path = ListEmployeesViewController.swift; sourceTree = "<group>"; };
		847415D4291F62AA00C4D007 /* Assets.xcassets */ = {isa = PBXFileReference; lastKnownFileType = folder.assetcatalog; path = Assets.xcassets; sourceTree = "<group>"; };
		847415D7291F62AA00C4D007 /* Base */ = {isa = PBXFileReference; lastKnownFileType = file.storyboard; name = Base; path = Base.lproj/LaunchScreen.storyboard; sourceTree = "<group>"; };
		847415D9291F62AA00C4D007 /* Info.plist */ = {isa = PBXFileReference; lastKnownFileType = text.plist.xml; path = Info.plist; sourceTree = "<group>"; };
		847415E0291F65A300C4D007 /* ListEmployeesPresenter.swift */ = {isa = PBXFileReference; lastKnownFileType = sourcecode.swift; path = ListEmployeesPresenter.swift; sourceTree = "<group>"; };
		847415E2291F66A300C4D007 /* ListEmployeesAssembly.swift */ = {isa = PBXFileReference; lastKnownFileType = sourcecode.swift; path = ListEmployeesAssembly.swift; sourceTree = "<group>"; };
		847415E7291F6B9200C4D007 /* ListEmployeesTableCell.swift */ = {isa = PBXFileReference; lastKnownFileType = sourcecode.swift; path = ListEmployeesTableCell.swift; sourceTree = "<group>"; };
		847415EA291F82F900C4D007 /* NetworkServices.swift */ = {isa = PBXFileReference; lastKnownFileType = sourcecode.swift; path = NetworkServices.swift; sourceTree = "<group>"; };
		847415ED291FB7CC00C4D007 /* CompanyDTO.swift */ = {isa = PBXFileReference; lastKnownFileType = sourcecode.swift; path = CompanyDTO.swift; sourceTree = "<group>"; };
		847415F0291FC00A00C4D007 /* InternetChecker.swift */ = {isa = PBXFileReference; lastKnownFileType = sourcecode.swift; path = InternetChecker.swift; sourceTree = "<group>"; };
		847415F2291FC03500C4D007 /* ListEmployeesInteractor.swift */ = {isa = PBXFileReference; lastKnownFileType = sourcecode.swift; path = ListEmployeesInteractor.swift; sourceTree = "<group>"; };
		847415F52920BE6F00C4D007 /* UserDefaultsWrapper.swift */ = {isa = PBXFileReference; lastKnownFileType = sourcecode.swift; path = UserDefaultsWrapper.swift; sourceTree = "<group>"; };
		847415FA2920E71B00C4D007 /* DataParserS.swift */ = {isa = PBXFileReference; lastKnownFileType = sourcecode.swift; path = DataParserS.swift; sourceTree = "<group>"; };
		847415FC292128FF00C4D007 /* UserDefaultsKey.swift */ = {isa = PBXFileReference; lastKnownFileType = sourcecode.swift; path = UserDefaultsKey.swift; sourceTree = "<group>"; };
/* End PBXFileReference section */

/* Begin PBXFrameworksBuildPhase section */
		847415C5291F62A600C4D007 /* Frameworks */ = {
			isa = PBXFrameworksBuildPhase;
			buildActionMask = 2147483647;
			files = (
			);
			runOnlyForDeploymentPostprocessing = 0;
		};
/* End PBXFrameworksBuildPhase section */

/* Begin PBXGroup section */
		847415BF291F62A600C4D007 = {
			isa = PBXGroup;
			children = (
				847415CA291F62A600C4D007 /* Avito_TestTask_2022 */,
				847415C9291F62A600C4D007 /* Products */,
			);
			sourceTree = "<group>";
		};
		847415C9291F62A600C4D007 /* Products */ = {
			isa = PBXGroup;
			children = (
				847415C8291F62A600C4D007 /* Avito_TestTask_2022.app */,
			);
			name = Products;
			sourceTree = "<group>";
		};
		847415CA291F62A600C4D007 /* Avito_TestTask_2022 */ = {
			isa = PBXGroup;
			children = (
				847415F72920BE7800C4D007 /* Storage */,
				847415F42920BE2500C4D007 /* InternetListener */,
				847415EC291F850500C4D007 /* Network */,
				847415E5291F67B100C4D007 /* ListEmployees */,
				847415E4291F67A100C4D007 /* Application */,
				847415DF291F64AB00C4D007 /* Resources */,
			);
			path = Avito_TestTask_2022;
			sourceTree = "<group>";
		};
		847415DF291F64AB00C4D007 /* Resources */ = {
			isa = PBXGroup;
			children = (
				847415D4291F62AA00C4D007 /* Assets.xcassets */,
				847415D6291F62AA00C4D007 /* LaunchScreen.storyboard */,
				847415D9291F62AA00C4D007 /* Info.plist */,
			);
			path = Resources;
			sourceTree = "<group>";
		};
		847415E4291F67A100C4D007 /* Application */ = {
			isa = PBXGroup;
			children = (
				847415CB291F62A600C4D007 /* AppDelegate.swift */,
				847415CD291F62A600C4D007 /* SceneDelegate.swift */,
			);
			path = Application;
			sourceTree = "<group>";
		};
		847415E5291F67B100C4D007 /* ListEmployees */ = {
			isa = PBXGroup;
			children = (
				847415E6291F680600C4D007 /* ViewController */,
				847415E9291F700C00C4D007 /* Cell */,
				847415E0291F65A300C4D007 /* ListEmployeesPresenter.swift */,
				847415F2291FC03500C4D007 /* ListEmployeesInteractor.swift */,
				847415E2291F66A300C4D007 /* ListEmployeesAssembly.swift */,
			);
			path = ListEmployees;
			sourceTree = "<group>";
		};
		847415E6291F680600C4D007 /* ViewController */ = {
			isa = PBXGroup;
			children = (
				847415CF291F62A600C4D007 /* ListEmployeesViewController.swift */,
			);
			path = ViewController;
			sourceTree = "<group>";
		};
		847415E9291F700C00C4D007 /* Cell */ = {
			isa = PBXGroup;
			children = (
				847415E7291F6B9200C4D007 /* ListEmployeesTableCell.swift */,
			);
			path = Cell;
			sourceTree = "<group>";
		};
		847415EC291F850500C4D007 /* Network */ = {
			isa = PBXGroup;
			children = (
				847415EF291FB7EF00C4D007 /* DTO */,
				847415EA291F82F900C4D007 /* NetworkServices.swift */,
				847415FA2920E71B00C4D007 /* DataParserS.swift */,
			);
			path = Network;
			sourceTree = "<group>";
		};
		847415EF291FB7EF00C4D007 /* DTO */ = {
			isa = PBXGroup;
			children = (
				847415ED291FB7CC00C4D007 /* CompanyDTO.swift */,
			);
			path = DTO;
			sourceTree = "<group>";
		};
		847415F42920BE2500C4D007 /* InternetListener */ = {
			isa = PBXGroup;
			children = (
				847415F0291FC00A00C4D007 /* InternetChecker.swift */,
			);
			path = InternetListener;
			sourceTree = "<group>";
		};
		847415F72920BE7800C4D007 /* Storage */ = {
			isa = PBXGroup;
			children = (
				847415F52920BE6F00C4D007 /* UserDefaultsWrapper.swift */,
				847415FC292128FF00C4D007 /* UserDefaultsKey.swift */,
			);
			path = Storage;
			sourceTree = "<group>";
		};
/* End PBXGroup section */

/* Begin PBXNativeTarget section */
		847415C7291F62A600C4D007 /* Avito_TestTask_2022 */ = {
			isa = PBXNativeTarget;
			buildConfigurationList = 847415DC291F62AA00C4D007 /* Build configuration list for PBXNativeTarget "Avito_TestTask_2022" */;
			buildPhases = (
				847415C4291F62A600C4D007 /* Sources */,
				847415C5291F62A600C4D007 /* Frameworks */,
				847415C6291F62A600C4D007 /* Resources */,
			);
			buildRules = (
			);
			dependencies = (
			);
			name = Avito_TestTask_2022;
			productName = Avito_TestTask_2022;
			productReference = 847415C8291F62A600C4D007 /* Avito_TestTask_2022.app */;
			productType = "com.apple.product-type.application";
		};
/* End PBXNativeTarget section */

/* Begin PBXProject section */
		847415C0291F62A600C4D007 /* Project object */ = {
			isa = PBXProject;
			attributes = {
				BuildIndependentTargetsInParallel = 1;
				LastSwiftUpdateCheck = 1330;
				LastUpgradeCheck = 1330;
				TargetAttributes = {
					847415C7291F62A600C4D007 = {
						CreatedOnToolsVersion = 13.3.1;
					};
				};
			};
			buildConfigurationList = 847415C3291F62A600C4D007 /* Build configuration list for PBXProject "Avito_TestTask_2022" */;
			compatibilityVersion = "Xcode 9.3";
			developmentRegion = en;
			hasScannedForEncodings = 0;
			knownRegions = (
				en,
				Base,
			);
			mainGroup = 847415BF291F62A600C4D007;
			productRefGroup = 847415C9291F62A600C4D007 /* Products */;
			projectDirPath = "";
			projectRoot = "";
			targets = (
				847415C7291F62A600C4D007 /* Avito_TestTask_2022 */,
			);
		};
/* End PBXProject section */

/* Begin PBXResourcesBuildPhase section */
		847415C6291F62A600C4D007 /* Resources */ = {
			isa = PBXResourcesBuildPhase;
			buildActionMask = 2147483647;
			files = (
				847415D8291F62AA00C4D007 /* LaunchScreen.storyboard in Resources */,
				847415D5291F62AA00C4D007 /* Assets.xcassets in Resources */,
			);
			runOnlyForDeploymentPostprocessing = 0;
		};
/* End PBXResourcesBuildPhase section */

/* Begin PBXSourcesBuildPhase section */
		847415C4291F62A600C4D007 /* Sources */ = {
			isa = PBXSourcesBuildPhase;
			buildActionMask = 2147483647;
			files = (
				847415E3291F66A300C4D007 /* ListEmployeesAssembly.swift in Sources */,
				847415FB2920E71B00C4D007 /* DataParserS.swift in Sources */,
				847415E8291F6B9200C4D007 /* ListEmployeesTableCell.swift in Sources */,
				847415EB291F82F900C4D007 /* NetworkServices.swift in Sources */,
				847415D0291F62A600C4D007 /* ListEmployeesViewController.swift in Sources */,
				847415E1291F65A300C4D007 /* ListEmployeesPresenter.swift in Sources */,
				847415F3291FC03500C4D007 /* ListEmployeesInteractor.swift in Sources */,
				847415EE291FB7CC00C4D007 /* CompanyDTO.swift in Sources */,
				847415CC291F62A600C4D007 /* AppDelegate.swift in Sources */,
				847415F1291FC00A00C4D007 /* InternetChecker.swift in Sources */,
				847415FD292128FF00C4D007 /* UserDefaultsKey.swift in Sources */,
				847415F62920BE6F00C4D007 /* UserDefaultsWrapper.swift in Sources */,
				847415CE291F62A600C4D007 /* SceneDelegate.swift in Sources */,
			);
			runOnlyForDeploymentPostprocessing = 0;
		};
/* End PBXSourcesBuildPhase section */

/* Begin PBXVariantGroup section */
		847415D6291F62AA00C4D007 /* LaunchScreen.storyboard */ = {
			isa = PBXVariantGroup;
			children = (
				847415D7291F62AA00C4D007 /* Base */,
			);
			name = LaunchScreen.storyboard;
			sourceTree = "<group>";
		};
/* End PBXVariantGroup section */

/* Begin XCBuildConfiguration section */
		847415DA291F62AA00C4D007 /* Debug */ = {
			isa = XCBuildConfiguration;
			buildSettings = {
				ALWAYS_SEARCH_USER_PATHS = NO;
				CLANG_ANALYZER_NONNULL = YES;
				CLANG_ANALYZER_NUMBER_OBJECT_CONVERSION = YES_AGGRESSIVE;
				CLANG_CXX_LANGUAGE_STANDARD = "gnu++17";
				CLANG_ENABLE_MODULES = YES;
				CLANG_ENABLE_OBJC_ARC = YES;
				CLANG_ENABLE_OBJC_WEAK = YES;
				CLANG_WARN_BLOCK_CAPTURE_AUTORELEASING = YES;
				CLANG_WARN_BOOL_CONVERSION = YES;
				CLANG_WARN_COMMA = YES;
				CLANG_WARN_CONSTANT_CONVERSION = YES;
				CLANG_WARN_DEPRECATED_OBJC_IMPLEMENTATIONS = YES;
				CLANG_WARN_DIRECT_OBJC_ISA_USAGE = YES_ERROR;
				CLANG_WARN_DOCUMENTATION_COMMENTS = YES;
				CLANG_WARN_EMPTY_BODY = YES;
				CLANG_WARN_ENUM_CONVERSION = YES;
				CLANG_WARN_INFINITE_RECURSION = YES;
				CLANG_WARN_INT_CONVERSION = YES;
				CLANG_WARN_NON_LITERAL_NULL_CONVERSION = YES;
				CLANG_WARN_OBJC_IMPLICIT_RETAIN_SELF = YES;
				CLANG_WARN_OBJC_LITERAL_CONVERSION = YES;
				CLANG_WARN_OBJC_ROOT_CLASS = YES_ERROR;
				CLANG_WARN_QUOTED_INCLUDE_IN_FRAMEWORK_HEADER = YES;
				CLANG_WARN_RANGE_LOOP_ANALYSIS = YES;
				CLANG_WARN_STRICT_PROTOTYPES = YES;
				CLANG_WARN_SUSPICIOUS_MOVE = YES;
				CLANG_WARN_UNGUARDED_AVAILABILITY = YES_AGGRESSIVE;
				CLANG_WARN_UNREACHABLE_CODE = YES;
				CLANG_WARN__DUPLICATE_METHOD_MATCH = YES;
				COPY_PHASE_STRIP = NO;
				DEBUG_INFORMATION_FORMAT = dwarf;
				ENABLE_STRICT_OBJC_MSGSEND = YES;
				ENABLE_TESTABILITY = YES;
				GCC_C_LANGUAGE_STANDARD = gnu11;
				GCC_DYNAMIC_NO_PIC = NO;
				GCC_NO_COMMON_BLOCKS = YES;
				GCC_OPTIMIZATION_LEVEL = 0;
				GCC_PREPROCESSOR_DEFINITIONS = (
					"DEBUG=1",
					"$(inherited)",
				);
				GCC_WARN_64_TO_32_BIT_CONVERSION = YES;
				GCC_WARN_ABOUT_RETURN_TYPE = YES_ERROR;
				GCC_WARN_UNDECLARED_SELECTOR = YES;
				GCC_WARN_UNINITIALIZED_AUTOS = YES_AGGRESSIVE;
				GCC_WARN_UNUSED_FUNCTION = YES;
				GCC_WARN_UNUSED_VARIABLE = YES;
				IPHONEOS_DEPLOYMENT_TARGET = 13.0;
				MTL_ENABLE_DEBUG_INFO = INCLUDE_SOURCE;
				MTL_FAST_MATH = YES;
				ONLY_ACTIVE_ARCH = YES;
				SDKROOT = iphoneos;
				SWIFT_ACTIVE_COMPILATION_CONDITIONS = DEBUG;
				SWIFT_OPTIMIZATION_LEVEL = "-Onone";
			};
			name = Debug;
		};
		847415DB291F62AA00C4D007 /* Release */ = {
			isa = XCBuildConfiguration;
			buildSettings = {
				ALWAYS_SEARCH_USER_PATHS = NO;
				CLANG_ANALYZER_NONNULL = YES;
				CLANG_ANALYZER_NUMBER_OBJECT_CONVERSION = YES_AGGRESSIVE;
				CLANG_CXX_LANGUAGE_STANDARD = "gnu++17";
				CLANG_ENABLE_MODULES = YES;
				CLANG_ENABLE_OBJC_ARC = YES;
				CLANG_ENABLE_OBJC_WEAK = YES;
				CLANG_WARN_BLOCK_CAPTURE_AUTORELEASING = YES;
				CLANG_WARN_BOOL_CONVERSION = YES;
				CLANG_WARN_COMMA = YES;
				CLANG_WARN_CONSTANT_CONVERSION = YES;
				CLANG_WARN_DEPRECATED_OBJC_IMPLEMENTATIONS = YES;
				CLANG_WARN_DIRECT_OBJC_ISA_USAGE = YES_ERROR;
				CLANG_WARN_DOCUMENTATION_COMMENTS = YES;
				CLANG_WARN_EMPTY_BODY = YES;
				CLANG_WARN_ENUM_CONVERSION = YES;
				CLANG_WARN_INFINITE_RECURSION = YES;
				CLANG_WARN_INT_CONVERSION = YES;
				CLANG_WARN_NON_LITERAL_NULL_CONVERSION = YES;
				CLANG_WARN_OBJC_IMPLICIT_RETAIN_SELF = YES;
				CLANG_WARN_OBJC_LITERAL_CONVERSION = YES;
				CLANG_WARN_OBJC_ROOT_CLASS = YES_ERROR;
				CLANG_WARN_QUOTED_INCLUDE_IN_FRAMEWORK_HEADER = YES;
				CLANG_WARN_RANGE_LOOP_ANALYSIS = YES;
				CLANG_WARN_STRICT_PROTOTYPES = YES;
				CLANG_WARN_SUSPICIOUS_MOVE = YES;
				CLANG_WARN_UNGUARDED_AVAILABILITY = YES_AGGRESSIVE;
				CLANG_WARN_UNREACHABLE_CODE = YES;
				CLANG_WARN__DUPLICATE_METHOD_MATCH = YES;
				COPY_PHASE_STRIP = NO;
				DEBUG_INFORMATION_FORMAT = "dwarf-with-dsym";
				ENABLE_NS_ASSERTIONS = NO;
				ENABLE_STRICT_OBJC_MSGSEND = YES;
				GCC_C_LANGUAGE_STANDARD = gnu11;
				GCC_NO_COMMON_BLOCKS = YES;
				GCC_WARN_64_TO_32_BIT_CONVERSION = YES;
				GCC_WARN_ABOUT_RETURN_TYPE = YES_ERROR;
				GCC_WARN_UNDECLARED_SELECTOR = YES;
				GCC_WARN_UNINITIALIZED_AUTOS = YES_AGGRESSIVE;
				GCC_WARN_UNUSED_FUNCTION = YES;
				GCC_WARN_UNUSED_VARIABLE = YES;
				IPHONEOS_DEPLOYMENT_TARGET = 13.0;
				MTL_ENABLE_DEBUG_INFO = NO;
				MTL_FAST_MATH = YES;
				SDKROOT = iphoneos;
				SWIFT_COMPILATION_MODE = wholemodule;
				SWIFT_OPTIMIZATION_LEVEL = "-O";
				VALIDATE_PRODUCT = YES;
			};
			name = Release;
		};
		847415DD291F62AA00C4D007 /* Debug */ = {
			isa = XCBuildConfiguration;
			buildSettings = {
				ASSETCATALOG_COMPILER_APPICON_NAME = AppIcon;
				ASSETCATALOG_COMPILER_GLOBAL_ACCENT_COLOR_NAME = AccentColor;
				CODE_SIGN_STYLE = Automatic;
				CURRENT_PROJECT_VERSION = 1;
				DEVELOPMENT_TEAM = PZRD3MXDYZ;
				GENERATE_INFOPLIST_FILE = YES;
				INFOPLIST_FILE = Avito_TestTask_2022/Resources/Info.plist;
				INFOPLIST_KEY_UIApplicationSupportsIndirectInputEvents = YES;
				INFOPLIST_KEY_UILaunchStoryboardName = LaunchScreen;
				INFOPLIST_KEY_UISupportedInterfaceOrientations_iPad = "UIInterfaceOrientationPortrait UIInterfaceOrientationPortraitUpsideDown UIInterfaceOrientationLandscapeLeft UIInterfaceOrientationLandscapeRight";
				INFOPLIST_KEY_UISupportedInterfaceOrientations_iPhone = "UIInterfaceOrientationPortrait UIInterfaceOrientationLandscapeLeft UIInterfaceOrientationLandscapeRight";
				IPHONEOS_DEPLOYMENT_TARGET = 13.0;
				LD_RUNPATH_SEARCH_PATHS = (
					"$(inherited)",
					"@executable_path/Frameworks",
				);
				MARKETING_VERSION = 1.0;
				PRODUCT_BUNDLE_IDENTIFIER = "testPavel.Avito-TestTask-2022";
				PRODUCT_NAME = "$(TARGET_NAME)";
				SWIFT_EMIT_LOC_STRINGS = YES;
				SWIFT_VERSION = 5.0;
				TARGETED_DEVICE_FAMILY = "1,2";
			};
			name = Debug;
		};
		847415DE291F62AA00C4D007 /* Release */ = {
			isa = XCBuildConfiguration;
			buildSettings = {
				ASSETCATALOG_COMPILER_APPICON_NAME = AppIcon;
				ASSETCATALOG_COMPILER_GLOBAL_ACCENT_COLOR_NAME = AccentColor;
				CODE_SIGN_STYLE = Automatic;
				CURRENT_PROJECT_VERSION = 1;
				DEVELOPMENT_TEAM = PZRD3MXDYZ;
				GENERATE_INFOPLIST_FILE = YES;
				INFOPLIST_FILE = Avito_TestTask_2022/Resources/Info.plist;
				INFOPLIST_KEY_UIApplicationSupportsIndirectInputEvents = YES;
				INFOPLIST_KEY_UILaunchStoryboardName = LaunchScreen;
				INFOPLIST_KEY_UISupportedInterfaceOrientations_iPad = "UIInterfaceOrientationPortrait UIInterfaceOrientationPortraitUpsideDown UIInterfaceOrientationLandscapeLeft UIInterfaceOrientationLandscapeRight";
				INFOPLIST_KEY_UISupportedInterfaceOrientations_iPhone = "UIInterfaceOrientationPortrait UIInterfaceOrientationLandscapeLeft UIInterfaceOrientationLandscapeRight";
				IPHONEOS_DEPLOYMENT_TARGET = 13.0;
				LD_RUNPATH_SEARCH_PATHS = (
					"$(inherited)",
					"@executable_path/Frameworks",
				);
				MARKETING_VERSION = 1.0;
				PRODUCT_BUNDLE_IDENTIFIER = "testPavel.Avito-TestTask-2022";
				PRODUCT_NAME = "$(TARGET_NAME)";
				SWIFT_EMIT_LOC_STRINGS = YES;
				SWIFT_VERSION = 5.0;
				TARGETED_DEVICE_FAMILY = "1,2";
			};
			name = Release;
		};
/* End XCBuildConfiguration section */

/* Begin XCConfigurationList section */
		847415C3291F62A600C4D007 /* Build configuration list for PBXProject "Avito_TestTask_2022" */ = {
			isa = XCConfigurationList;
			buildConfigurations = (
				847415DA291F62AA00C4D007 /* Debug */,
				847415DB291F62AA00C4D007 /* Release */,
			);
			defaultConfigurationIsVisible = 0;
			defaultConfigurationName = Release;
		};
		847415DC291F62AA00C4D007 /* Build configuration list for PBXNativeTarget "Avito_TestTask_2022" */ = {
			isa = XCConfigurationList;
			buildConfigurations = (
				847415DD291F62AA00C4D007 /* Debug */,
				847415DE291F62AA00C4D007 /* Release */,
			);
			defaultConfigurationIsVisible = 0;
			defaultConfigurationName = Release;
		};
/* End XCConfigurationList section */
	};
	rootObject = 847415C0291F62A600C4D007 /* Project object */;
}
